
Microsoft Visual Studio Solution File, Format Version 12.00
# Visual Studio Version 17
VisualStudioVersion = 17.9.34728.123
MinimumVisualStudioVersion = 10.0.40219.1
Project("{2150E333-8FDC-42A3-9474-1A3956D46DE8}") = "Core", "Core", "{16506D55-67BF-431F-AF0A-9998DE2F0EC1}"
EndProject
Project("{2150E333-8FDC-42A3-9474-1A3956D46DE8}") = "Infrastructure", "Infrastructure", "{881F8D26-4F25-4782-BC2D-C7065C2C879D}"
EndProject
Project("{2150E333-8FDC-42A3-9474-1A3956D46DE8}") = "Presentation", "Presentation", "{4CE02100-58CB-440A-B2B0-0BD818E9D4D4}"
EndProject
Project("{2150E333-8FDC-42A3-9474-1A3956D46DE8}") = "Tests", "Tests", "{776BD1D6-12AD-458F-AB93-D323E82A309F}"
EndProject
Project("{FAE04EC0-301F-11D3-BF4B-00C04F79EFBC}") = "Coffee.Domain", "Coffee.Domain\Coffee.Domain.csproj", "{593DF667-9D64-402F-A5B9-D4AF79AE91B9}"
EndProject
Project("{FAE04EC0-301F-11D3-BF4B-00C04F79EFBC}") = "Coffee.Persistence", "Coffee.Persistence\Coffee.Persistence.csproj", "{ADFD0C2F-815D-479A-8F19-49FA5C334A02}"
EndProject
Project("{9A19103F-16F7-4668-BE54-9A1E7A4F7556}") = "Coffee.Application", "Coffee.Application\Coffee.Application.csproj", "{FFEC4BF1-4EE6-41DE-B457-CFF333DFDC7E}"
EndProject
Project("{9A19103F-16F7-4668-BE54-9A1E7A4F7556}") = "Coffee.WebApi", "Coffee.WebApi\Coffee.WebApi.csproj", "{E5B96EAF-E2FF-48B2-8C5E-FC83A434AE28}"
EndProject
Global
	GlobalSection(SolutionConfigurationPlatforms) = preSolution
		Debug|Any CPU = Debug|Any CPU
		Release|Any CPU = Release|Any CPU
	EndGlobalSection
	GlobalSection(ProjectConfigurationPlatforms) = postSolution
		{593DF667-9D64-402F-A5B9-D4AF79AE91B9}.Debug|Any CPU.ActiveCfg = Debug|Any CPU
		{593DF667-9D64-402F-A5B9-D4AF79AE91B9}.Debug|Any CPU.Build.0 = Debug|Any CPU
		{593DF667-9D64-402F-A5B9-D4AF79AE91B9}.Release|Any CPU.ActiveCfg = Release|Any CPU
		{593DF667-9D64-402F-A5B9-D4AF79AE91B9}.Release|Any CPU.Build.0 = Release|Any CPU
		{ADFD0C2F-815D-479A-8F19-49FA5C334A02}.Debug|Any CPU.ActiveCfg = Debug|Any CPU
		{ADFD0C2F-815D-479A-8F19-49FA5C334A02}.Debug|Any CPU.Build.0 = Debug|Any CPU
		{ADFD0C2F-815D-479A-8F19-49FA5C334A02}.Release|Any CPU.ActiveCfg = Release|Any CPU
		{ADFD0C2F-815D-479A-8F19-49FA5C334A02}.Release|Any CPU.Build.0 = Release|Any CPU
		{FFEC4BF1-4EE6-41DE-B457-CFF333DFDC7E}.Debug|Any CPU.ActiveCfg = Debug|Any CPU
		{FFEC4BF1-4EE6-41DE-B457-CFF333DFDC7E}.Debug|Any CPU.Build.0 = Debug|Any CPU
		{FFEC4BF1-4EE6-41DE-B457-CFF333DFDC7E}.Release|Any CPU.ActiveCfg = Release|Any CPU
		{FFEC4BF1-4EE6-41DE-B457-CFF333DFDC7E}.Release|Any CPU.Build.0 = Release|Any CPU
		{E5B96EAF-E2FF-48B2-8C5E-FC83A434AE28}.Debug|Any CPU.ActiveCfg = Debug|Any CPU
		{E5B96EAF-E2FF-48B2-8C5E-FC83A434AE28}.Debug|Any CPU.Build.0 = Debug|Any CPU
		{E5B96EAF-E2FF-48B2-8C5E-FC83A434AE28}.Release|Any CPU.ActiveCfg = Release|Any CPU
		{E5B96EAF-E2FF-48B2-8C5E-FC83A434AE28}.Release|Any CPU.Build.0 = Release|Any CPU
	EndGlobalSection
	GlobalSection(SolutionProperties) = preSolution
		HideSolutionNode = FALSE
	EndGlobalSection
	GlobalSection(NestedProjects) = preSolution
		{593DF667-9D64-402F-A5B9-D4AF79AE91B9} = {16506D55-67BF-431F-AF0A-9998DE2F0EC1}
		{ADFD0C2F-815D-479A-8F19-49FA5C334A02} = {881F8D26-4F25-4782-BC2D-C7065C2C879D}
		{FFEC4BF1-4EE6-41DE-B457-CFF333DFDC7E} = {16506D55-67BF-431F-AF0A-9998DE2F0EC1}
		{E5B96EAF-E2FF-48B2-8C5E-FC83A434AE28} = {4CE02100-58CB-440A-B2B0-0BD818E9D4D4}
	EndGlobalSection
	GlobalSection(ExtensibilityGlobals) = postSolution
		SolutionGuid = {D5476B75-DD6C-4016-8DF7-A2BEEC93A68B}
	EndGlobalSection
EndGlobal
