
Microsoft Visual Studio Solution File, Format Version 12.00
# Visual Studio Version 17
VisualStudioVersion = 17.9.34728.123
MinimumVisualStudioVersion = 10.0.40219.1
Project("{FAE04EC0-301F-11D3-BF4B-00C04F79EFBC}") = "Coffee", "Coffee.csproj", "{870A3D04-C0C4-4D98-884A-8EB77E7940B6}"
EndProject
Global
	GlobalSection(SolutionConfigurationPlatforms) = preSolution
		Debug|Any CPU = Debug|Any CPU
		Release|Any CPU = Release|Any CPU
	EndGlobalSection
	GlobalSection(ProjectConfigurationPlatforms) = postSolution
		{870A3D04-C0C4-4D98-884A-8EB77E7940B6}.Debug|Any CPU.ActiveCfg = Debug|Any CPU
		{870A3D04-C0C4-4D98-884A-8EB77E7940B6}.Debug|Any CPU.Build.0 = Debug|Any CPU
		{870A3D04-C0C4-4D98-884A-8EB77E7940B6}.Release|Any CPU.ActiveCfg = Release|Any CPU
		{870A3D04-C0C4-4D98-884A-8EB77E7940B6}.Release|Any CPU.Build.0 = Release|Any CPU
	EndGlobalSection
	GlobalSection(SolutionProperties) = preSolution
		HideSolutionNode = FALSE
	EndGlobalSection
	GlobalSection(ExtensibilityGlobals) = postSolution
		SolutionGuid = {D5476B75-DD6C-4016-8DF7-A2BEEC93A68B}
	EndGlobalSection
EndGlobal
